{
  "nodes": {
    "cfn-lsp-extra": {
      "flake": false,
      "locked": {
        "lastModified": 1745660970,
        "narHash": "sha256-XBdYn3XqE30lE7VZ/Hw1sSRKuSLdjoGcVWXYDFvFsLQ=",
        "owner": "LaurenceWarne",
        "repo": "cfn-lsp-extra",
        "rev": "36b1eccc9ebe338c9e0de982c9e7e4437a1eca0c",
        "type": "github"
      },
      "original": {
        "owner": "LaurenceWarne",
        "repo": "cfn-lsp-extra",
        "type": "github"
      }
    },
    "nixpkgs": {
      "locked": {
        "lastModified": 1745804731,
        "narHash": "sha256-v/sK3AS0QKu/Tu5sHIfddiEHCvrbNYPv8X10Fpux68g=",
        "owner": "NixOS",
        "repo": "nixpkgs",
        "rev": "29335f23bea5e34228349ea739f31ee79e267b88",
        "type": "github"
      },
      "original": {
        "owner": "NixOS",
        "ref": "nixpkgs-unstable",
        "repo": "nixpkgs",
        "type": "github"
      }
    },
    "root": {
      "inputs": {
        "cfn-lsp-extra": "cfn-lsp-extra",
        "nixpkgs": "nixpkgs"
      }
    }
  },
  "root": "root",
  "version": 7
}
